// !$*UTF8*$!
{
	archiveVersion = 1;
	classes = {
	};
	objectVersion = 46;
	objects = {

/* Begin PBXBuildFile section */
		610CF0841E89623E003D7284 /* LEUserViewController.m in Sources */ = {isa = PBXBuildFile; fileRef = 610CF0831E89623E003D7284 /* LEUserViewController.m */; };
		610CF0881E8981D5003D7284 /* LEUserCell.m in Sources */ = {isa = PBXBuildFile; fileRef = 610CF0871E8981D5003D7284 /* LEUserCell.m */; };
		610CF08B1E898F3C003D7284 /* LECity.m in Sources */ = {isa = PBXBuildFile; fileRef = 610CF08A1E898F3C003D7284 /* LECity.m */; };
		610CF0901E8ADDD4003D7284 /* LECounterCollctionCell.m in Sources */ = {isa = PBXBuildFile; fileRef = 610CF08F1E8ADDD4003D7284 /* LECounterCollctionCell.m */; };
		610CF0931E8AE109003D7284 /* LECounterCell.m in Sources */ = {isa = PBXBuildFile; fileRef = 610CF0921E8AE109003D7284 /* LECounterCell.m */; };
		610CF0961E8AFC2B003D7284 /* LEUserCounters.m in Sources */ = {isa = PBXBuildFile; fileRef = 610CF0951E8AFC2A003D7284 /* LEUserCounters.m */; };
		610CF0991E8C3705003D7284 /* LEPostCell.m in Sources */ = {isa = PBXBuildFile; fileRef = 610CF0981E8C3705003D7284 /* LEPostCell.m */; };
		610CF09F1E8C40F6003D7284 /* LEWallObject.m in Sources */ = {isa = PBXBuildFile; fileRef = 610CF09E1E8C40F6003D7284 /* LEWallObject.m */; };
		610CF0A61E8C41FE003D7284 /* LEPost.m in Sources */ = {isa = PBXBuildFile; fileRef = 610CF0A51E8C41FE003D7284 /* LEPost.m */; };
		610CF0A91E8C4A95003D7284 /* LEWallImage.m in Sources */ = {isa = PBXBuildFile; fileRef = 610CF0A81E8C4A95003D7284 /* LEWallImage.m */; };
		617250341E8584F3001360C2 /* main.m in Sources */ = {isa = PBXBuildFile; fileRef = 617250331E8584F3001360C2 /* main.m */; };
		617250371E8584F3001360C2 /* AppDelegate.m in Sources */ = {isa = PBXBuildFile; fileRef = 617250361E8584F3001360C2 /* AppDelegate.m */; };
		6172503A1E8584F3001360C2 /* ViewController.m in Sources */ = {isa = PBXBuildFile; fileRef = 617250391E8584F3001360C2 /* ViewController.m */; };
		6172503D1E8584F3001360C2 /* Main.storyboard in Resources */ = {isa = PBXBuildFile; fileRef = 6172503B1E8584F3001360C2 /* Main.storyboard */; };
		617250401E8584F3001360C2 /* LEVKClientApp.xcdatamodeld in Sources */ = {isa = PBXBuildFile; fileRef = 6172503E1E8584F3001360C2 /* LEVKClientApp.xcdatamodeld */; };
		617250421E8584F3001360C2 /* Assets.xcassets in Resources */ = {isa = PBXBuildFile; fileRef = 617250411E8584F3001360C2 /* Assets.xcassets */; };
		617250451E8584F3001360C2 /* LaunchScreen.storyboard in Resources */ = {isa = PBXBuildFile; fileRef = 617250431E8584F3001360C2 /* LaunchScreen.storyboard */; };
		617250501E8584F3001360C2 /* LEVKClientAppTests.m in Sources */ = {isa = PBXBuildFile; fileRef = 6172504F1E8584F3001360C2 /* LEVKClientAppTests.m */; };
		6172505B1E8584F3001360C2 /* LEVKClientAppUITests.m in Sources */ = {isa = PBXBuildFile; fileRef = 6172505A1E8584F3001360C2 /* LEVKClientAppUITests.m */; };
		6172508B1E859896001360C2 /* AFHTTPSessionManager.m in Sources */ = {isa = PBXBuildFile; fileRef = 6172506A1E859896001360C2 /* AFHTTPSessionManager.m */; };
		6172508C1E859896001360C2 /* AFNetworkReachabilityManager.m in Sources */ = {isa = PBXBuildFile; fileRef = 6172506D1E859896001360C2 /* AFNetworkReachabilityManager.m */; };
		6172508D1E859896001360C2 /* AFSecurityPolicy.m in Sources */ = {isa = PBXBuildFile; fileRef = 6172506F1E859896001360C2 /* AFSecurityPolicy.m */; };
		6172508E1E859896001360C2 /* AFURLRequestSerialization.m in Sources */ = {isa = PBXBuildFile; fileRef = 617250711E859896001360C2 /* AFURLRequestSerialization.m */; };
		6172508F1E859896001360C2 /* AFURLResponseSerialization.m in Sources */ = {isa = PBXBuildFile; fileRef = 617250731E859896001360C2 /* AFURLResponseSerialization.m */; };
		617250901E859896001360C2 /* AFURLSessionManager.m in Sources */ = {isa = PBXBuildFile; fileRef = 617250751E859896001360C2 /* AFURLSessionManager.m */; };
		617250911E859896001360C2 /* AFAutoPurgingImageCache.m in Sources */ = {isa = PBXBuildFile; fileRef = 617250781E859896001360C2 /* AFAutoPurgingImageCache.m */; };
		617250921E859896001360C2 /* AFImageDownloader.m in Sources */ = {isa = PBXBuildFile; fileRef = 6172507A1E859896001360C2 /* AFImageDownloader.m */; };
		617250931E859896001360C2 /* AFNetworkActivityIndicatorManager.m in Sources */ = {isa = PBXBuildFile; fileRef = 6172507C1E859896001360C2 /* AFNetworkActivityIndicatorManager.m */; };
		617250941E859896001360C2 /* UIActivityIndicatorView+AFNetworking.m in Sources */ = {isa = PBXBuildFile; fileRef = 6172507E1E859896001360C2 /* UIActivityIndicatorView+AFNetworking.m */; };
		617250951E859896001360C2 /* UIButton+AFNetworking.m in Sources */ = {isa = PBXBuildFile; fileRef = 617250801E859896001360C2 /* UIButton+AFNetworking.m */; };
		617250961E859896001360C2 /* UIImageView+AFNetworking.m in Sources */ = {isa = PBXBuildFile; fileRef = 617250831E859896001360C2 /* UIImageView+AFNetworking.m */; };
		617250971E859896001360C2 /* UIProgressView+AFNetworking.m in Sources */ = {isa = PBXBuildFile; fileRef = 617250861E859896001360C2 /* UIProgressView+AFNetworking.m */; };
		617250981E859896001360C2 /* UIRefreshControl+AFNetworking.m in Sources */ = {isa = PBXBuildFile; fileRef = 617250881E859896001360C2 /* UIRefreshControl+AFNetworking.m */; };
		617250991E859896001360C2 /* UIWebView+AFNetworking.m in Sources */ = {isa = PBXBuildFile; fileRef = 6172508A1E859896001360C2 /* UIWebView+AFNetworking.m */; };
		6172509C1E8598E5001360C2 /* LEServerManager.m in Sources */ = {isa = PBXBuildFile; fileRef = 6172509B1E8598E5001360C2 /* LEServerManager.m */; };
		6172509F1E85992D001360C2 /* LEUser.m in Sources */ = {isa = PBXBuildFile; fileRef = 6172509E1E85992D001360C2 /* LEUser.m */; };
		617250A21E85AB2E001360C2 /* LEAccessToken.m in Sources */ = {isa = PBXBuildFile; fileRef = 617250A11E85AB2E001360C2 /* LEAccessToken.m */; };
		617250A51E85AC70001360C2 /* LELoginViewController.m in Sources */ = {isa = PBXBuildFile; fileRef = 617250A41E85AC70001360C2 /* LELoginViewController.m */; };
		617250A81E85B07D001360C2 /* LEAuthorizedViewController.m in Sources */ = {isa = PBXBuildFile; fileRef = 617250A71E85B07D001360C2 /* LEAuthorizedViewController.m */; };
		61D55F901E914C1800DA881D /* LEParentObject.m in Sources */ = {isa = PBXBuildFile; fileRef = 61D55F8F1E914C1800DA881D /* LEParentObject.m */; };
		61D55F931E9172AE00DA881D /* LELike.m in Sources */ = {isa = PBXBuildFile; fileRef = 61D55F921E9172AE00DA881D /* LELike.m */; };
		61D55F971E9178DB00DA881D /* images.png in Resources */ = {isa = PBXBuildFile; fileRef = 61D55F961E9178DB00DA881D /* images.png */; };
		61D55F9B1E918F2500DA881D /* LEBarGradient.m in Sources */ = {isa = PBXBuildFile; fileRef = 61D55F9A1E918F2500DA881D /* LEBarGradient.m */; };
		61D55FA11E922F3800DA881D /* LEFriendListController.m in Sources */ = {isa = PBXBuildFile; fileRef = 61D55FA01E922F3800DA881D /* LEFriendListController.m */; };
		61D55FA41E9239FD00DA881D /* UIColor+LEvkRedColor.m in Sources */ = {isa = PBXBuildFile; fileRef = 61D55FA31E9239FD00DA881D /* UIColor+LEvkRedColor.m */; };
		61D55FA71E926CC900DA881D /* LEFriendListCell.m in Sources */ = {isa = PBXBuildFile; fileRef = 61D55FA61E926CC900DA881D /* LEFriendListCell.m */; };
		61D55FAC1E92D52600DA881D /* LESideMenu.m in Sources */ = {isa = PBXBuildFile; fileRef = 61D55FAB1E92D52600DA881D /* LESideMenu.m */; };
		61D55FAE1E92D5A300DA881D /* SideMenu.xib in Resources */ = {isa = PBXBuildFile; fileRef = 61D55FAD1E92D5A300DA881D /* SideMenu.xib */; };
/* End PBXBuildFile section */

/* Begin PBXContainerItemProxy section */
		6172504C1E8584F3001360C2 /* PBXContainerItemProxy */ = {
			isa = PBXContainerItemProxy;
			containerPortal = 617250271E8584F3001360C2 /* Project object */;
			proxyType = 1;
			remoteGlobalIDString = 6172502E1E8584F3001360C2;
			remoteInfo = LEVKClientApp;
		};
		617250571E8584F3001360C2 /* PBXContainerItemProxy */ = {
			isa = PBXContainerItemProxy;
			containerPortal = 617250271E8584F3001360C2 /* Project object */;
			proxyType = 1;
			remoteGlobalIDString = 6172502E1E8584F3001360C2;
			remoteInfo = LEVKClientApp;
		};
/* End PBXContainerItemProxy section */

/* Begin PBXFileReference section */
		610CF0821E89623E003D7284 /* LEUserViewController.h */ = {isa = PBXFileReference; fileEncoding = 4; lastKnownFileType = sourcecode.c.h; path = LEUserViewController.h; sourceTree = "<group>"; };
		610CF0831E89623E003D7284 /* LEUserViewController.m */ = {isa = PBXFileReference; fileEncoding = 4; lastKnownFileType = sourcecode.c.objc; path = LEUserViewController.m; sourceTree = "<group>"; };
		610CF0861E8981D5003D7284 /* LEUserCell.h */ = {isa = PBXFileReference; fileEncoding = 4; lastKnownFileType = sourcecode.c.h; path = LEUserCell.h; sourceTree = "<group>"; };
		610CF0871E8981D5003D7284 /* LEUserCell.m */ = {isa = PBXFileReference; fileEncoding = 4; lastKnownFileType = sourcecode.c.objc; path = LEUserCell.m; sourceTree = "<group>"; };
		610CF0891E898F3C003D7284 /* LECity.h */ = {isa = PBXFileReference; fileEncoding = 4; lastKnownFileType = sourcecode.c.h; path = LECity.h; sourceTree = "<group>"; };
		610CF08A1E898F3C003D7284 /* LECity.m */ = {isa = PBXFileReference; fileEncoding = 4; lastKnownFileType = sourcecode.c.objc; path = LECity.m; sourceTree = "<group>"; };
		610CF08E1E8ADDD4003D7284 /* LECounterCollctionCell.h */ = {isa = PBXFileReference; fileEncoding = 4; lastKnownFileType = sourcecode.c.h; path = LECounterCollctionCell.h; sourceTree = "<group>"; };
		610CF08F1E8ADDD4003D7284 /* LECounterCollctionCell.m */ = {isa = PBXFileReference; fileEncoding = 4; lastKnownFileType = sourcecode.c.objc; path = LECounterCollctionCell.m; sourceTree = "<group>"; };
		610CF0911E8AE109003D7284 /* LECounterCell.h */ = {isa = PBXFileReference; fileEncoding = 4; lastKnownFileType = sourcecode.c.h; path = LECounterCell.h; sourceTree = "<group>"; };
		610CF0921E8AE109003D7284 /* LECounterCell.m */ = {isa = PBXFileReference; fileEncoding = 4; lastKnownFileType = sourcecode.c.objc; path = LECounterCell.m; sourceTree = "<group>"; };
		610CF0941E8AFC2A003D7284 /* LEUserCounters.h */ = {isa = PBXFileReference; fileEncoding = 4; lastKnownFileType = sourcecode.c.h; path = LEUserCounters.h; sourceTree = "<group>"; };
		610CF0951E8AFC2A003D7284 /* LEUserCounters.m */ = {isa = PBXFileReference; fileEncoding = 4; lastKnownFileType = sourcecode.c.objc; path = LEUserCounters.m; sourceTree = "<group>"; };
		610CF0971E8C3705003D7284 /* LEPostCell.h */ = {isa = PBXFileReference; fileEncoding = 4; lastKnownFileType = sourcecode.c.h; path = LEPostCell.h; sourceTree = "<group>"; };
		610CF0981E8C3705003D7284 /* LEPostCell.m */ = {isa = PBXFileReference; fileEncoding = 4; lastKnownFileType = sourcecode.c.objc; path = LEPostCell.m; sourceTree = "<group>"; };
		610CF09D1E8C40F6003D7284 /* LEWallObject.h */ = {isa = PBXFileReference; fileEncoding = 4; lastKnownFileType = sourcecode.c.h; path = LEWallObject.h; sourceTree = "<group>"; };
		610CF09E1E8C40F6003D7284 /* LEWallObject.m */ = {isa = PBXFileReference; fileEncoding = 4; lastKnownFileType = sourcecode.c.objc; path = LEWallObject.m; sourceTree = "<group>"; };
		610CF0A41E8C41FE003D7284 /* LEPost.h */ = {isa = PBXFileReference; fileEncoding = 4; lastKnownFileType = sourcecode.c.h; path = LEPost.h; sourceTree = "<group>"; };
		610CF0A51E8C41FE003D7284 /* LEPost.m */ = {isa = PBXFileReference; fileEncoding = 4; lastKnownFileType = sourcecode.c.objc; path = LEPost.m; sourceTree = "<group>"; };
		610CF0A71E8C4A95003D7284 /* LEWallImage.h */ = {isa = PBXFileReference; fileEncoding = 4; lastKnownFileType = sourcecode.c.h; path = LEWallImage.h; sourceTree = "<group>"; };
		610CF0A81E8C4A95003D7284 /* LEWallImage.m */ = {isa = PBXFileReference; fileEncoding = 4; lastKnownFileType = sourcecode.c.objc; path = LEWallImage.m; sourceTree = "<group>"; };
		6172502F1E8584F3001360C2 /* LEVKClientApp.app */ = {isa = PBXFileReference; explicitFileType = wrapper.application; includeInIndex = 0; path = LEVKClientApp.app; sourceTree = BUILT_PRODUCTS_DIR; };
		617250331E8584F3001360C2 /* main.m */ = {isa = PBXFileReference; lastKnownFileType = sourcecode.c.objc; path = main.m; sourceTree = "<group>"; };
		617250351E8584F3001360C2 /* AppDelegate.h */ = {isa = PBXFileReference; lastKnownFileType = sourcecode.c.h; path = AppDelegate.h; sourceTree = "<group>"; };
		617250361E8584F3001360C2 /* AppDelegate.m */ = {isa = PBXFileReference; lastKnownFileType = sourcecode.c.objc; path = AppDelegate.m; sourceTree = "<group>"; };
		617250381E8584F3001360C2 /* ViewController.h */ = {isa = PBXFileReference; lastKnownFileType = sourcecode.c.h; path = ViewController.h; sourceTree = "<group>"; };
		617250391E8584F3001360C2 /* ViewController.m */ = {isa = PBXFileReference; lastKnownFileType = sourcecode.c.objc; path = ViewController.m; sourceTree = "<group>"; };
		6172503C1E8584F3001360C2 /* Base */ = {isa = PBXFileReference; lastKnownFileType = file.storyboard; name = Base; path = Base.lproj/Main.storyboard; sourceTree = "<group>"; };
		6172503F1E8584F3001360C2 /* LEVKClientApp.xcdatamodel */ = {isa = PBXFileReference; lastKnownFileType = wrapper.xcdatamodel; path = LEVKClientApp.xcdatamodel; sourceTree = "<group>"; };
		617250411E8584F3001360C2 /* Assets.xcassets */ = {isa = PBXFileReference; lastKnownFileType = folder.assetcatalog; path = Assets.xcassets; sourceTree = "<group>"; };
		617250441E8584F3001360C2 /* Base */ = {isa = PBXFileReference; lastKnownFileType = file.storyboard; name = Base; path = Base.lproj/LaunchScreen.storyboard; sourceTree = "<group>"; };
		617250461E8584F3001360C2 /* Info.plist */ = {isa = PBXFileReference; lastKnownFileType = text.plist.xml; path = Info.plist; sourceTree = "<group>"; };
		6172504B1E8584F3001360C2 /* LEVKClientAppTests.xctest */ = {isa = PBXFileReference; explicitFileType = wrapper.cfbundle; includeInIndex = 0; path = LEVKClientAppTests.xctest; sourceTree = BUILT_PRODUCTS_DIR; };
		6172504F1E8584F3001360C2 /* LEVKClientAppTests.m */ = {isa = PBXFileReference; lastKnownFileType = sourcecode.c.objc; path = LEVKClientAppTests.m; sourceTree = "<group>"; };
		617250511E8584F3001360C2 /* Info.plist */ = {isa = PBXFileReference; lastKnownFileType = text.plist.xml; path = Info.plist; sourceTree = "<group>"; };
		617250561E8584F3001360C2 /* LEVKClientAppUITests.xctest */ = {isa = PBXFileReference; explicitFileType = wrapper.cfbundle; includeInIndex = 0; path = LEVKClientAppUITests.xctest; sourceTree = BUILT_PRODUCTS_DIR; };
		6172505A1E8584F3001360C2 /* LEVKClientAppUITests.m */ = {isa = PBXFileReference; lastKnownFileType = sourcecode.c.objc; path = LEVKClientAppUITests.m; sourceTree = "<group>"; };
		6172505C1E8584F3001360C2 /* Info.plist */ = {isa = PBXFileReference; lastKnownFileType = text.plist.xml; path = Info.plist; sourceTree = "<group>"; };
		617250691E859896001360C2 /* AFHTTPSessionManager.h */ = {isa = PBXFileReference; fileEncoding = 4; lastKnownFileType = sourcecode.c.h; path = AFHTTPSessionManager.h; sourceTree = "<group>"; };
		6172506A1E859896001360C2 /* AFHTTPSessionManager.m */ = {isa = PBXFileReference; fileEncoding = 4; lastKnownFileType = sourcecode.c.objc; path = AFHTTPSessionManager.m; sourceTree = "<group>"; };
		6172506B1E859896001360C2 /* AFNetworking.h */ = {isa = PBXFileReference; fileEncoding = 4; lastKnownFileType = sourcecode.c.h; path = AFNetworking.h; sourceTree = "<group>"; };
		6172506C1E859896001360C2 /* AFNetworkReachabilityManager.h */ = {isa = PBXFileReference; fileEncoding = 4; lastKnownFileType = sourcecode.c.h; path = AFNetworkReachabilityManager.h; sourceTree = "<group>"; };
		6172506D1E859896001360C2 /* AFNetworkReachabilityManager.m */ = {isa = PBXFileReference; fileEncoding = 4; lastKnownFileType = sourcecode.c.objc; path = AFNetworkReachabilityManager.m; sourceTree = "<group>"; };
		6172506E1E859896001360C2 /* AFSecurityPolicy.h */ = {isa = PBXFileReference; fileEncoding = 4; lastKnownFileType = sourcecode.c.h; path = AFSecurityPolicy.h; sourceTree = "<group>"; };
		6172506F1E859896001360C2 /* AFSecurityPolicy.m */ = {isa = PBXFileReference; fileEncoding = 4; lastKnownFileType = sourcecode.c.objc; path = AFSecurityPolicy.m; sourceTree = "<group>"; };
		617250701E859896001360C2 /* AFURLRequestSerialization.h */ = {isa = PBXFileReference; fileEncoding = 4; lastKnownFileType = sourcecode.c.h; path = AFURLRequestSerialization.h; sourceTree = "<group>"; };
		617250711E859896001360C2 /* AFURLRequestSerialization.m */ = {isa = PBXFileReference; fileEncoding = 4; lastKnownFileType = sourcecode.c.objc; path = AFURLRequestSerialization.m; sourceTree = "<group>"; };
		617250721E859896001360C2 /* AFURLResponseSerialization.h */ = {isa = PBXFileReference; fileEncoding = 4; lastKnownFileType = sourcecode.c.h; path = AFURLResponseSerialization.h; sourceTree = "<group>"; };
		617250731E859896001360C2 /* AFURLResponseSerialization.m */ = {isa = PBXFileReference; fileEncoding = 4; lastKnownFileType = sourcecode.c.objc; path = AFURLResponseSerialization.m; sourceTree = "<group>"; };
		617250741E859896001360C2 /* AFURLSessionManager.h */ = {isa = PBXFileReference; fileEncoding = 4; lastKnownFileType = sourcecode.c.h; path = AFURLSessionManager.h; sourceTree = "<group>"; };
		617250751E859896001360C2 /* AFURLSessionManager.m */ = {isa = PBXFileReference; fileEncoding = 4; lastKnownFileType = sourcecode.c.objc; path = AFURLSessionManager.m; sourceTree = "<group>"; };
		617250771E859896001360C2 /* AFAutoPurgingImageCache.h */ = {isa = PBXFileReference; fileEncoding = 4; lastKnownFileType = sourcecode.c.h; path = AFAutoPurgingImageCache.h; sourceTree = "<group>"; };
		617250781E859896001360C2 /* AFAutoPurgingImageCache.m */ = {isa = PBXFileReference; fileEncoding = 4; lastKnownFileType = sourcecode.c.objc; path = AFAutoPurgingImageCache.m; sourceTree = "<group>"; };
		617250791E859896001360C2 /* AFImageDownloader.h */ = {isa = PBXFileReference; fileEncoding = 4; lastKnownFileType = sourcecode.c.h; path = AFImageDownloader.h; sourceTree = "<group>"; };
		6172507A1E859896001360C2 /* AFImageDownloader.m */ = {isa = PBXFileReference; fileEncoding = 4; lastKnownFileType = sourcecode.c.objc; path = AFImageDownloader.m; sourceTree = "<group>"; };
		6172507B1E859896001360C2 /* AFNetworkActivityIndicatorManager.h */ = {isa = PBXFileReference; fileEncoding = 4; lastKnownFileType = sourcecode.c.h; path = AFNetworkActivityIndicatorManager.h; sourceTree = "<group>"; };
		6172507C1E859896001360C2 /* AFNetworkActivityIndicatorManager.m */ = {isa = PBXFileReference; fileEncoding = 4; lastKnownFileType = sourcecode.c.objc; path = AFNetworkActivityIndicatorManager.m; sourceTree = "<group>"; };
		6172507D1E859896001360C2 /* UIActivityIndicatorView+AFNetworking.h */ = {isa = PBXFileReference; fileEncoding = 4; lastKnownFileType = sourcecode.c.h; path = "UIActivityIndicatorView+AFNetworking.h"; sourceTree = "<group>"; };
		6172507E1E859896001360C2 /* UIActivityIndicatorView+AFNetworking.m */ = {isa = PBXFileReference; fileEncoding = 4; lastKnownFileType = sourcecode.c.objc; path = "UIActivityIndicatorView+AFNetworking.m"; sourceTree = "<group>"; };
		6172507F1E859896001360C2 /* UIButton+AFNetworking.h */ = {isa = PBXFileReference; fileEncoding = 4; lastKnownFileType = sourcecode.c.h; path = "UIButton+AFNetworking.h"; sourceTree = "<group>"; };
		617250801E859896001360C2 /* UIButton+AFNetworking.m */ = {isa = PBXFileReference; fileEncoding = 4; lastKnownFileType = sourcecode.c.objc; path = "UIButton+AFNetworking.m"; sourceTree = "<group>"; };
		617250811E859896001360C2 /* UIImage+AFNetworking.h */ = {isa = PBXFileReference; fileEncoding = 4; lastKnownFileType = sourcecode.c.h; path = "UIImage+AFNetworking.h"; sourceTree = "<group>"; };
		617250821E859896001360C2 /* UIImageView+AFNetworking.h */ = {isa = PBXFileReference; fileEncoding = 4; lastKnownFileType = sourcecode.c.h; path = "UIImageView+AFNetworking.h"; sourceTree = "<group>"; };
		617250831E859896001360C2 /* UIImageView+AFNetworking.m */ = {isa = PBXFileReference; fileEncoding = 4; lastKnownFileType = sourcecode.c.objc; path = "UIImageView+AFNetworking.m"; sourceTree = "<group>"; };
		617250841E859896001360C2 /* UIKit+AFNetworking.h */ = {isa = PBXFileReference; fileEncoding = 4; lastKnownFileType = sourcecode.c.h; path = "UIKit+AFNetworking.h"; sourceTree = "<group>"; };
		617250851E859896001360C2 /* UIProgressView+AFNetworking.h */ = {isa = PBXFileReference; fileEncoding = 4; lastKnownFileType = sourcecode.c.h; path = "UIProgressView+AFNetworking.h"; sourceTree = "<group>"; };
		617250861E859896001360C2 /* UIProgressView+AFNetworking.m */ = {isa = PBXFileReference; fileEncoding = 4; lastKnownFileType = sourcecode.c.objc; path = "UIProgressView+AFNetworking.m"; sourceTree = "<group>"; };
		617250871E859896001360C2 /* UIRefreshControl+AFNetworking.h */ = {isa = PBXFileReference; fileEncoding = 4; lastKnownFileType = sourcecode.c.h; path = "UIRefreshControl+AFNetworking.h"; sourceTree = "<group>"; };
		617250881E859896001360C2 /* UIRefreshControl+AFNetworking.m */ = {isa = PBXFileReference; fileEncoding = 4; lastKnownFileType = sourcecode.c.objc; path = "UIRefreshControl+AFNetworking.m"; sourceTree = "<group>"; };
		617250891E859896001360C2 /* UIWebView+AFNetworking.h */ = {isa = PBXFileReference; fileEncoding = 4; lastKnownFileType = sourcecode.c.h; path = "UIWebView+AFNetworking.h"; sourceTree = "<group>"; };
		6172508A1E859896001360C2 /* UIWebView+AFNetworking.m */ = {isa = PBXFileReference; fileEncoding = 4; lastKnownFileType = sourcecode.c.objc; path = "UIWebView+AFNetworking.m"; sourceTree = "<group>"; };
		6172509A1E8598E5001360C2 /* LEServerManager.h */ = {isa = PBXFileReference; fileEncoding = 4; lastKnownFileType = sourcecode.c.h; path = LEServerManager.h; sourceTree = "<group>"; };
		6172509B1E8598E5001360C2 /* LEServerManager.m */ = {isa = PBXFileReference; fileEncoding = 4; lastKnownFileType = sourcecode.c.objc; path = LEServerManager.m; sourceTree = "<group>"; };
		6172509D1E85992D001360C2 /* LEUser.h */ = {isa = PBXFileReference; fileEncoding = 4; lastKnownFileType = sourcecode.c.h; path = LEUser.h; sourceTree = "<group>"; };
		6172509E1E85992D001360C2 /* LEUser.m */ = {isa = PBXFileReference; fileEncoding = 4; lastKnownFileType = sourcecode.c.objc; path = LEUser.m; sourceTree = "<group>"; };
		617250A01E85AB2E001360C2 /* LEAccessToken.h */ = {isa = PBXFileReference; fileEncoding = 4; lastKnownFileType = sourcecode.c.h; path = LEAccessToken.h; sourceTree = "<group>"; };
		617250A11E85AB2E001360C2 /* LEAccessToken.m */ = {isa = PBXFileReference; fileEncoding = 4; lastKnownFileType = sourcecode.c.objc; path = LEAccessToken.m; sourceTree = "<group>"; };
		617250A31E85AC70001360C2 /* LELoginViewController.h */ = {isa = PBXFileReference; fileEncoding = 4; lastKnownFileType = sourcecode.c.h; path = LELoginViewController.h; sourceTree = "<group>"; };
		617250A41E85AC70001360C2 /* LELoginViewController.m */ = {isa = PBXFileReference; fileEncoding = 4; lastKnownFileType = sourcecode.c.objc; path = LELoginViewController.m; sourceTree = "<group>"; };
		617250A61E85B07D001360C2 /* LEAuthorizedViewController.h */ = {isa = PBXFileReference; fileEncoding = 4; lastKnownFileType = sourcecode.c.h; path = LEAuthorizedViewController.h; sourceTree = "<group>"; };
		617250A71E85B07D001360C2 /* LEAuthorizedViewController.m */ = {isa = PBXFileReference; fileEncoding = 4; lastKnownFileType = sourcecode.c.objc; path = LEAuthorizedViewController.m; sourceTree = "<group>"; };
		61D55F8E1E914C1800DA881D /* LEParentObject.h */ = {isa = PBXFileReference; fileEncoding = 4; lastKnownFileType = sourcecode.c.h; path = LEParentObject.h; sourceTree = "<group>"; };
		61D55F8F1E914C1800DA881D /* LEParentObject.m */ = {isa = PBXFileReference; fileEncoding = 4; lastKnownFileType = sourcecode.c.objc; path = LEParentObject.m; sourceTree = "<group>"; };
		61D55F911E9172AE00DA881D /* LELike.h */ = {isa = PBXFileReference; fileEncoding = 4; lastKnownFileType = sourcecode.c.h; path = LELike.h; sourceTree = "<group>"; };
		61D55F921E9172AE00DA881D /* LELike.m */ = {isa = PBXFileReference; fileEncoding = 4; lastKnownFileType = sourcecode.c.objc; path = LELike.m; sourceTree = "<group>"; };
		61D55F961E9178DB00DA881D /* images.png */ = {isa = PBXFileReference; lastKnownFileType = image.png; name = images.png; path = Images/images.png; sourceTree = SOURCE_ROOT; };
		61D55F991E918F2500DA881D /* LEBarGradient.h */ = {isa = PBXFileReference; fileEncoding = 4; lastKnownFileType = sourcecode.c.h; path = LEBarGradient.h; sourceTree = "<group>"; };
		61D55F9A1E918F2500DA881D /* LEBarGradient.m */ = {isa = PBXFileReference; fileEncoding = 4; lastKnownFileType = sourcecode.c.objc; path = LEBarGradient.m; sourceTree = "<group>"; };
		61D55F9F1E922F3800DA881D /* LEFriendListController.h */ = {isa = PBXFileReference; fileEncoding = 4; lastKnownFileType = sourcecode.c.h; path = LEFriendListController.h; sourceTree = "<group>"; };
		61D55FA01E922F3800DA881D /* LEFriendListController.m */ = {isa = PBXFileReference; fileEncoding = 4; lastKnownFileType = sourcecode.c.objc; path = LEFriendListController.m; sourceTree = "<group>"; };
		61D55FA21E9239FD00DA881D /* UIColor+LEvkRedColor.h */ = {isa = PBXFileReference; fileEncoding = 4; lastKnownFileType = sourcecode.c.h; path = "UIColor+LEvkRedColor.h"; sourceTree = "<group>"; };
		61D55FA31E9239FD00DA881D /* UIColor+LEvkRedColor.m */ = {isa = PBXFileReference; fileEncoding = 4; lastKnownFileType = sourcecode.c.objc; path = "UIColor+LEvkRedColor.m"; sourceTree = "<group>"; };
		61D55FA51E926CC900DA881D /* LEFriendListCell.h */ = {isa = PBXFileReference; fileEncoding = 4; lastKnownFileType = sourcecode.c.h; path = LEFriendListCell.h; sourceTree = "<group>"; };
		61D55FA61E926CC900DA881D /* LEFriendListCell.m */ = {isa = PBXFileReference; fileEncoding = 4; lastKnownFileType = sourcecode.c.objc; path = LEFriendListCell.m; sourceTree = "<group>"; };
		61D55FAA1E92D52600DA881D /* LESideMenu.h */ = {isa = PBXFileReference; fileEncoding = 4; lastKnownFileType = sourcecode.c.h; path = LESideMenu.h; sourceTree = "<group>"; };
		61D55FAB1E92D52600DA881D /* LESideMenu.m */ = {isa = PBXFileReference; fileEncoding = 4; lastKnownFileType = sourcecode.c.objc; path = LESideMenu.m; sourceTree = "<group>"; };
		61D55FAD1E92D5A300DA881D /* SideMenu.xib */ = {isa = PBXFileReference; fileEncoding = 4; lastKnownFileType = file.xib; path = SideMenu.xib; sourceTree = "<group>"; };
/* End PBXFileReference section */

/* Begin PBXFrameworksBuildPhase section */
		6172502C1E8584F3001360C2 /* Frameworks */ = {
			isa = PBXFrameworksBuildPhase;
			buildActionMask = 2147483647;
			files = (
			);
			runOnlyForDeploymentPostprocessing = 0;
		};
		617250481E8584F3001360C2 /* Frameworks */ = {
			isa = PBXFrameworksBuildPhase;
			buildActionMask = 2147483647;
			files = (
			);
			runOnlyForDeploymentPostprocessing = 0;
		};
		617250531E8584F3001360C2 /* Frameworks */ = {
			isa = PBXFrameworksBuildPhase;
			buildActionMask = 2147483647;
			files = (
			);
			runOnlyForDeploymentPostprocessing = 0;
		};
/* End PBXFrameworksBuildPhase section */

/* Begin PBXGroup section */
		610CF0801E8961C9003D7284 /* Controllers */ = {
			isa = PBXGroup;
			children = (
				617250A61E85B07D001360C2 /* LEAuthorizedViewController.h */,
				617250A71E85B07D001360C2 /* LEAuthorizedViewController.m */,
				617250A31E85AC70001360C2 /* LELoginViewController.h */,
				617250A41E85AC70001360C2 /* LELoginViewController.m */,
				610CF0821E89623E003D7284 /* LEUserViewController.h */,
				610CF0831E89623E003D7284 /* LEUserViewController.m */,
				61D55F9F1E922F3800DA881D /* LEFriendListController.h */,
				61D55FA01E922F3800DA881D /* LEFriendListController.m */,
				61D55FAA1E92D52600DA881D /* LESideMenu.h */,
				61D55FAB1E92D52600DA881D /* LESideMenu.m */,
			);
			name = Controllers;
			sourceTree = "<group>";
		};
		610CF0811E8961D4003D7284 /* Models */ = {
			isa = PBXGroup;
			children = (
				6172509A1E8598E5001360C2 /* LEServerManager.h */,
				6172509B1E8598E5001360C2 /* LEServerManager.m */,
				617250A01E85AB2E001360C2 /* LEAccessToken.h */,
				617250A11E85AB2E001360C2 /* LEAccessToken.m */,
				610CF0891E898F3C003D7284 /* LECity.h */,
				610CF08A1E898F3C003D7284 /* LECity.m */,
				610CF0941E8AFC2A003D7284 /* LEUserCounters.h */,
				610CF0951E8AFC2A003D7284 /* LEUserCounters.m */,
				6172509D1E85992D001360C2 /* LEUser.h */,
				6172509E1E85992D001360C2 /* LEUser.m */,
				610CF0A01E8C41C1003D7284 /* WallModels */,
			);
			name = Models;
			sourceTree = "<group>";
		};
		610CF0851E8981B1003D7284 /* Cell */ = {
			isa = PBXGroup;
			children = (
				610CF0861E8981D5003D7284 /* LEUserCell.h */,
				610CF0871E8981D5003D7284 /* LEUserCell.m */,
				610CF08E1E8ADDD4003D7284 /* LECounterCollctionCell.h */,
				610CF08F1E8ADDD4003D7284 /* LECounterCollctionCell.m */,
				610CF0911E8AE109003D7284 /* LECounterCell.h */,
				610CF0921E8AE109003D7284 /* LECounterCell.m */,
				610CF0971E8C3705003D7284 /* LEPostCell.h */,
				610CF0981E8C3705003D7284 /* LEPostCell.m */,
				61D55FA51E926CC900DA881D /* LEFriendListCell.h */,
				61D55FA61E926CC900DA881D /* LEFriendListCell.m */,
			);
			name = Cell;
			sourceTree = "<group>";
		};
		610CF0A01E8C41C1003D7284 /* WallModels */ = {
			isa = PBXGroup;
			children = (
				610CF09D1E8C40F6003D7284 /* LEWallObject.h */,
				610CF09E1E8C40F6003D7284 /* LEWallObject.m */,
				610CF0A41E8C41FE003D7284 /* LEPost.h */,
				610CF0A51E8C41FE003D7284 /* LEPost.m */,
				61D55F911E9172AE00DA881D /* LELike.h */,
				61D55F921E9172AE00DA881D /* LELike.m */,
				610CF0A71E8C4A95003D7284 /* LEWallImage.h */,
				610CF0A81E8C4A95003D7284 /* LEWallImage.m */,
				61D55F8E1E914C1800DA881D /* LEParentObject.h */,
				61D55F8F1E914C1800DA881D /* LEParentObject.m */,
			);
			name = WallModels;
			sourceTree = "<group>";
		};
		617250261E8584F3001360C2 = {
			isa = PBXGroup;
			children = (
				617250681E859896001360C2 /* AFNetworking */,
				617250761E859896001360C2 /* UIKit+AFNetworking */,
				617250311E8584F3001360C2 /* LEVKClientApp */,
				6172504E1E8584F3001360C2 /* LEVKClientAppTests */,
				617250591E8584F3001360C2 /* LEVKClientAppUITests */,
				617250301E8584F3001360C2 /* Products */,
			);
			sourceTree = "<group>";
		};
		617250301E8584F3001360C2 /* Products */ = {
			isa = PBXGroup;
			children = (
				6172502F1E8584F3001360C2 /* LEVKClientApp.app */,
				6172504B1E8584F3001360C2 /* LEVKClientAppTests.xctest */,
				617250561E8584F3001360C2 /* LEVKClientAppUITests.xctest */,
			);
			name = Products;
			sourceTree = "<group>";
		};
		617250311E8584F3001360C2 /* LEVKClientApp */ = {
			isa = PBXGroup;
			children = (
				61D55F981E918F0B00DA881D /* Style */,
				61D55F951E9178B200DA881D /* Images */,
				617250351E8584F3001360C2 /* AppDelegate.h */,
				617250361E8584F3001360C2 /* AppDelegate.m */,
				610CF0851E8981B1003D7284 /* Cell */,
				617250381E8584F3001360C2 /* ViewController.h */,
				617250391E8584F3001360C2 /* ViewController.m */,
				610CF0811E8961D4003D7284 /* Models */,
				610CF0801E8961C9003D7284 /* Controllers */,
				6172503B1E8584F3001360C2 /* Main.storyboard */,
				61D55FAD1E92D5A300DA881D /* SideMenu.xib */,
				617250411E8584F3001360C2 /* Assets.xcassets */,
				617250431E8584F3001360C2 /* LaunchScreen.storyboard */,
				617250461E8584F3001360C2 /* Info.plist */,
				6172503E1E8584F3001360C2 /* LEVKClientApp.xcdatamodeld */,
				617250321E8584F3001360C2 /* Supporting Files */,
			);
			path = LEVKClientApp;
			sourceTree = "<group>";
		};
		617250321E8584F3001360C2 /* Supporting Files */ = {
			isa = PBXGroup;
			children = (
				617250331E8584F3001360C2 /* main.m */,
			);
			name = "Supporting Files";
			sourceTree = "<group>";
		};
		6172504E1E8584F3001360C2 /* LEVKClientAppTests */ = {
			isa = PBXGroup;
			children = (
				6172504F1E8584F3001360C2 /* LEVKClientAppTests.m */,
				617250511E8584F3001360C2 /* Info.plist */,
			);
			path = LEVKClientAppTests;
			sourceTree = "<group>";
		};
		617250591E8584F3001360C2 /* LEVKClientAppUITests */ = {
			isa = PBXGroup;
			children = (
				6172505A1E8584F3001360C2 /* LEVKClientAppUITests.m */,
				6172505C1E8584F3001360C2 /* Info.plist */,
			);
			path = LEVKClientAppUITests;
			sourceTree = "<group>";
		};
		617250681E859896001360C2 /* AFNetworking */ = {
			isa = PBXGroup;
			children = (
				617250691E859896001360C2 /* AFHTTPSessionManager.h */,
				6172506A1E859896001360C2 /* AFHTTPSessionManager.m */,
				6172506B1E859896001360C2 /* AFNetworking.h */,
				6172506C1E859896001360C2 /* AFNetworkReachabilityManager.h */,
				6172506D1E859896001360C2 /* AFNetworkReachabilityManager.m */,
				6172506E1E859896001360C2 /* AFSecurityPolicy.h */,
				6172506F1E859896001360C2 /* AFSecurityPolicy.m */,
				617250701E859896001360C2 /* AFURLRequestSerialization.h */,
				617250711E859896001360C2 /* AFURLRequestSerialization.m */,
				617250721E859896001360C2 /* AFURLResponseSerialization.h */,
				617250731E859896001360C2 /* AFURLResponseSerialization.m */,
				617250741E859896001360C2 /* AFURLSessionManager.h */,
				617250751E859896001360C2 /* AFURLSessionManager.m */,
			);
			name = AFNetworking;
			path = LEVKClientApp/AFNetworking;
			sourceTree = "<group>";
		};
		617250761E859896001360C2 /* UIKit+AFNetworking */ = {
			isa = PBXGroup;
			children = (
				61D55F941E91788C00DA881D /* Images */,
				617250771E859896001360C2 /* AFAutoPurgingImageCache.h */,
				617250781E859896001360C2 /* AFAutoPurgingImageCache.m */,
				617250791E859896001360C2 /* AFImageDownloader.h */,
				6172507A1E859896001360C2 /* AFImageDownloader.m */,
				6172507B1E859896001360C2 /* AFNetworkActivityIndicatorManager.h */,
				6172507C1E859896001360C2 /* AFNetworkActivityIndicatorManager.m */,
				6172507D1E859896001360C2 /* UIActivityIndicatorView+AFNetworking.h */,
				6172507E1E859896001360C2 /* UIActivityIndicatorView+AFNetworking.m */,
				6172507F1E859896001360C2 /* UIButton+AFNetworking.h */,
				617250801E859896001360C2 /* UIButton+AFNetworking.m */,
				617250811E859896001360C2 /* UIImage+AFNetworking.h */,
				617250821E859896001360C2 /* UIImageView+AFNetworking.h */,
				617250831E859896001360C2 /* UIImageView+AFNetworking.m */,
				617250841E859896001360C2 /* UIKit+AFNetworking.h */,
				617250851E859896001360C2 /* UIProgressView+AFNetworking.h */,
				617250861E859896001360C2 /* UIProgressView+AFNetworking.m */,
				617250871E859896001360C2 /* UIRefreshControl+AFNetworking.h */,
				617250881E859896001360C2 /* UIRefreshControl+AFNetworking.m */,
				617250891E859896001360C2 /* UIWebView+AFNetworking.h */,
				6172508A1E859896001360C2 /* UIWebView+AFNetworking.m */,
			);
			name = "UIKit+AFNetworking";
			path = "LEVKClientApp/UIKit+AFNetworking";
			sourceTree = "<group>";
		};
		61D55F941E91788C00DA881D /* Images */ = {
			isa = PBXGroup;
			children = (
			);
			name = Images;
			path = ..;
			sourceTree = "<group>";
		};
		61D55F951E9178B200DA881D /* Images */ = {
			isa = PBXGroup;
			children = (
				61D55F961E9178DB00DA881D /* images.png */,
			);
			name = Images;
			sourceTree = "<group>";
		};
		61D55F981E918F0B00DA881D /* Style */ = {
			isa = PBXGroup;
			children = (
				61D55F991E918F2500DA881D /* LEBarGradient.h */,
				61D55F9A1E918F2500DA881D /* LEBarGradient.m */,
				61D55FA21E9239FD00DA881D /* UIColor+LEvkRedColor.h */,
				61D55FA31E9239FD00DA881D /* UIColor+LEvkRedColor.m */,
			);
			name = Style;
			sourceTree = "<group>";
		};
/* End PBXGroup section */

/* Begin PBXNativeTarget section */
		6172502E1E8584F3001360C2 /* LEVKClientApp */ = {
			isa = PBXNativeTarget;
			buildConfigurationList = 6172505F1E8584F3001360C2 /* Build configuration list for PBXNativeTarget "LEVKClientApp" */;
			buildPhases = (
				6172502B1E8584F3001360C2 /* Sources */,
				6172502C1E8584F3001360C2 /* Frameworks */,
				6172502D1E8584F3001360C2 /* Resources */,
			);
			buildRules = (
			);
			dependencies = (
			);
			name = LEVKClientApp;
			productName = LEVKClientApp;
			productReference = 6172502F1E8584F3001360C2 /* LEVKClientApp.app */;
			productType = "com.apple.product-type.application";
		};
		6172504A1E8584F3001360C2 /* LEVKClientAppTests */ = {
			isa = PBXNativeTarget;
			buildConfigurationList = 617250621E8584F3001360C2 /* Build configuration list for PBXNativeTarget "LEVKClientAppTests" */;
			buildPhases = (
				617250471E8584F3001360C2 /* Sources */,
				617250481E8584F3001360C2 /* Frameworks */,
				617250491E8584F3001360C2 /* Resources */,
			);
			buildRules = (
			);
			dependencies = (
				6172504D1E8584F3001360C2 /* PBXTargetDependency */,
			);
			name = LEVKClientAppTests;
			productName = LEVKClientAppTests;
			productReference = 6172504B1E8584F3001360C2 /* LEVKClientAppTests.xctest */;
			productType = "com.apple.product-type.bundle.unit-test";
		};
		617250551E8584F3001360C2 /* LEVKClientAppUITests */ = {
			isa = PBXNativeTarget;
			buildConfigurationList = 617250651E8584F3001360C2 /* Build configuration list for PBXNativeTarget "LEVKClientAppUITests" */;
			buildPhases = (
				617250521E8584F3001360C2 /* Sources */,
				617250531E8584F3001360C2 /* Frameworks */,
				617250541E8584F3001360C2 /* Resources */,
			);
			buildRules = (
			);
			dependencies = (
				617250581E8584F3001360C2 /* PBXTargetDependency */,
			);
			name = LEVKClientAppUITests;
			productName = LEVKClientAppUITests;
			productReference = 617250561E8584F3001360C2 /* LEVKClientAppUITests.xctest */;
			productType = "com.apple.product-type.bundle.ui-testing";
		};
/* End PBXNativeTarget section */

/* Begin PBXProject section */
		617250271E8584F3001360C2 /* Project object */ = {
			isa = PBXProject;
			attributes = {
				LastUpgradeCheck = 0820;
				ORGANIZATIONNAME = Eugheny_Levin;
				TargetAttributes = {
					6172502E1E8584F3001360C2 = {
						CreatedOnToolsVersion = 8.2;
						DevelopmentTeam = 6AABQB8S42;
						ProvisioningStyle = Automatic;
					};
					6172504A1E8584F3001360C2 = {
						CreatedOnToolsVersion = 8.2;
						DevelopmentTeam = 6AABQB8S42;
						ProvisioningStyle = Automatic;
						TestTargetID = 6172502E1E8584F3001360C2;
					};
					617250551E8584F3001360C2 = {
						CreatedOnToolsVersion = 8.2;
						DevelopmentTeam = 6AABQB8S42;
						ProvisioningStyle = Automatic;
						TestTargetID = 6172502E1E8584F3001360C2;
					};
				};
			};
			buildConfigurationList = 6172502A1E8584F3001360C2 /* Build configuration list for PBXProject "LEVKClientApp" */;
			compatibilityVersion = "Xcode 3.2";
			developmentRegion = English;
			hasScannedForEncodings = 0;
			knownRegions = (
				en,
				Base,
			);
			mainGroup = 617250261E8584F3001360C2;
			productRefGroup = 617250301E8584F3001360C2 /* Products */;
			projectDirPath = "";
			projectRoot = "";
			targets = (
				6172502E1E8584F3001360C2 /* LEVKClientApp */,
				6172504A1E8584F3001360C2 /* LEVKClientAppTests */,
				617250551E8584F3001360C2 /* LEVKClientAppUITests */,
			);
		};
/* End PBXProject section */

/* Begin PBXResourcesBuildPhase section */
		6172502D1E8584F3001360C2 /* Resources */ = {
			isa = PBXResourcesBuildPhase;
			buildActionMask = 2147483647;
			files = (
				617250451E8584F3001360C2 /* LaunchScreen.storyboard in Resources */,
				617250421E8584F3001360C2 /* Assets.xcassets in Resources */,
				6172503D1E8584F3001360C2 /* Main.storyboard in Resources */,
				61D55F971E9178DB00DA881D /* images.png in Resources */,
				61D55FAE1E92D5A300DA881D /* SideMenu.xib in Resources */,
			);
			runOnlyForDeploymentPostprocessing = 0;
		};
		617250491E8584F3001360C2 /* Resources */ = {
			isa = PBXResourcesBuildPhase;
			buildActionMask = 2147483647;
			files = (
			);
			runOnlyForDeploymentPostprocessing = 0;
		};
		617250541E8584F3001360C2 /* Resources */ = {
			isa = PBXResourcesBuildPhase;
			buildActionMask = 2147483647;
			files = (
			);
			runOnlyForDeploymentPostprocessing = 0;
		};
/* End PBXResourcesBuildPhase section */

/* Begin PBXSourcesBuildPhase section */
		6172502B1E8584F3001360C2 /* Sources */ = {
			isa = PBXSourcesBuildPhase;
			buildActionMask = 2147483647;
			files = (
				617250A21E85AB2E001360C2 /* LEAccessToken.m in Sources */,
				610CF09F1E8C40F6003D7284 /* LEWallObject.m in Sources */,
				6172508D1E859896001360C2 /* AFSecurityPolicy.m in Sources */,
				6172509F1E85992D001360C2 /* LEUser.m in Sources */,
				610CF0A61E8C41FE003D7284 /* LEPost.m in Sources */,
				6172508F1E859896001360C2 /* AFURLResponseSerialization.m in Sources */,
				610CF0961E8AFC2B003D7284 /* LEUserCounters.m in Sources */,
				617250401E8584F3001360C2 /* LEVKClientApp.xcdatamodeld in Sources */,
				61D55FA11E922F3800DA881D /* LEFriendListController.m in Sources */,
				6172503A1E8584F3001360C2 /* ViewController.m in Sources */,
				610CF0931E8AE109003D7284 /* LECounterCell.m in Sources */,
				61D55F9B1E918F2500DA881D /* LEBarGradient.m in Sources */,
				610CF08B1E898F3C003D7284 /* LECity.m in Sources */,
				61D55FA41E9239FD00DA881D /* UIColor+LEvkRedColor.m in Sources */,
				617250A81E85B07D001360C2 /* LEAuthorizedViewController.m in Sources */,
				6172508B1E859896001360C2 /* AFHTTPSessionManager.m in Sources */,
				617250901E859896001360C2 /* AFURLSessionManager.m in Sources */,
				617250A51E85AC70001360C2 /* LELoginViewController.m in Sources */,
				61D55FA71E926CC900DA881D /* LEFriendListCell.m in Sources */,
				617250941E859896001360C2 /* UIActivityIndicatorView+AFNetworking.m in Sources */,
				6172509C1E8598E5001360C2 /* LEServerManager.m in Sources */,
				61D55F931E9172AE00DA881D /* LELike.m in Sources */,
				617250371E8584F3001360C2 /* AppDelegate.m in Sources */,
				610CF0881E8981D5003D7284 /* LEUserCell.m in Sources */,
				617250971E859896001360C2 /* UIProgressView+AFNetworking.m in Sources */,
				6172508C1E859896001360C2 /* AFNetworkReachabilityManager.m in Sources */,
				617250341E8584F3001360C2 /* main.m in Sources */,
				610CF0991E8C3705003D7284 /* LEPostCell.m in Sources */,
				617250931E859896001360C2 /* AFNetworkActivityIndicatorManager.m in Sources */,
				617250961E859896001360C2 /* UIImageView+AFNetworking.m in Sources */,
				617250951E859896001360C2 /* UIButton+AFNetworking.m in Sources */,
				617250981E859896001360C2 /* UIRefreshControl+AFNetworking.m in Sources */,
				617250991E859896001360C2 /* UIWebView+AFNetworking.m in Sources */,
				610CF0901E8ADDD4003D7284 /* LECounterCollctionCell.m in Sources */,
				61D55FAC1E92D52600DA881D /* LESideMenu.m in Sources */,
				6172508E1E859896001360C2 /* AFURLRequestSerialization.m in Sources */,
				617250911E859896001360C2 /* AFAutoPurgingImageCache.m in Sources */,
				617250921E859896001360C2 /* AFImageDownloader.m in Sources */,
				610CF0A91E8C4A95003D7284 /* LEWallImage.m in Sources */,
				61D55F901E914C1800DA881D /* LEParentObject.m in Sources */,
				610CF0841E89623E003D7284 /* LEUserViewController.m in Sources */,
			);
			runOnlyForDeploymentPostprocessing = 0;
		};
		617250471E8584F3001360C2 /* Sources */ = {
			isa = PBXSourcesBuildPhase;
			buildActionMask = 2147483647;
			files = (
				617250501E8584F3001360C2 /* LEVKClientAppTests.m in Sources */,
			);
			runOnlyForDeploymentPostprocessing = 0;
		};
		617250521E8584F3001360C2 /* Sources */ = {
			isa = PBXSourcesBuildPhase;
			buildActionMask = 2147483647;
			files = (
				6172505B1E8584F3001360C2 /* LEVKClientAppUITests.m in Sources */,
			);
			runOnlyForDeploymentPostprocessing = 0;
		};
/* End PBXSourcesBuildPhase section */

/* Begin PBXTargetDependency section */
		6172504D1E8584F3001360C2 /* PBXTargetDependency */ = {
			isa = PBXTargetDependency;
			target = 6172502E1E8584F3001360C2 /* LEVKClientApp */;
			targetProxy = 6172504C1E8584F3001360C2 /* PBXContainerItemProxy */;
		};
		617250581E8584F3001360C2 /* PBXTargetDependency */ = {
			isa = PBXTargetDependency;
			target = 6172502E1E8584F3001360C2 /* LEVKClientApp */;
			targetProxy = 617250571E8584F3001360C2 /* PBXContainerItemProxy */;
		};
/* End PBXTargetDependency section */

/* Begin PBXVariantGroup section */
		6172503B1E8584F3001360C2 /* Main.storyboard */ = {
			isa = PBXVariantGroup;
			children = (
				6172503C1E8584F3001360C2 /* Base */,
			);
			name = Main.storyboard;
			sourceTree = "<group>";
		};
		617250431E8584F3001360C2 /* LaunchScreen.storyboard */ = {
			isa = PBXVariantGroup;
			children = (
				617250441E8584F3001360C2 /* Base */,
			);
			name = LaunchScreen.storyboard;
			sourceTree = "<group>";
		};
/* End PBXVariantGroup section */

/* Begin XCBuildConfiguration section */
		6172505D1E8584F3001360C2 /* Debug */ = {
			isa = XCBuildConfiguration;
			buildSettings = {
				ALWAYS_SEARCH_USER_PATHS = NO;
				CLANG_ANALYZER_NONNULL = YES;
				CLANG_CXX_LANGUAGE_STANDARD = "gnu++0x";
				CLANG_CXX_LIBRARY = "libc++";
				CLANG_ENABLE_MODULES = YES;
				CLANG_ENABLE_OBJC_ARC = YES;
				CLANG_WARN_BOOL_CONVERSION = YES;
				CLANG_WARN_CONSTANT_CONVERSION = YES;
				CLANG_WARN_DIRECT_OBJC_ISA_USAGE = YES_ERROR;
				CLANG_WARN_DOCUMENTATION_COMMENTS = YES;
				CLANG_WARN_EMPTY_BODY = YES;
				CLANG_WARN_ENUM_CONVERSION = YES;
				CLANG_WARN_INFINITE_RECURSION = YES;
				CLANG_WARN_INT_CONVERSION = YES;
				CLANG_WARN_OBJC_ROOT_CLASS = YES_ERROR;
				CLANG_WARN_SUSPICIOUS_MOVE = YES;
				CLANG_WARN_UNREACHABLE_CODE = YES;
				CLANG_WARN__DUPLICATE_METHOD_MATCH = YES;
				"CODE_SIGN_IDENTITY[sdk=iphoneos*]" = "iPhone Developer";
				COPY_PHASE_STRIP = NO;
				DEBUG_INFORMATION_FORMAT = dwarf;
				ENABLE_STRICT_OBJC_MSGSEND = YES;
				ENABLE_TESTABILITY = YES;
				GCC_C_LANGUAGE_STANDARD = gnu99;
				GCC_DYNAMIC_NO_PIC = NO;
				GCC_NO_COMMON_BLOCKS = YES;
				GCC_OPTIMIZATION_LEVEL = 0;
				GCC_PREPROCESSOR_DEFINITIONS = (
					"DEBUG=1",
					"$(inherited)",
				);
				GCC_WARN_64_TO_32_BIT_CONVERSION = YES;
				GCC_WARN_ABOUT_RETURN_TYPE = YES_ERROR;
				GCC_WARN_UNDECLARED_SELECTOR = YES;
				GCC_WARN_UNINITIALIZED_AUTOS = YES_AGGRESSIVE;
				GCC_WARN_UNUSED_FUNCTION = YES;
				GCC_WARN_UNUSED_VARIABLE = YES;
				IPHONEOS_DEPLOYMENT_TARGET = 10.2;
				MTL_ENABLE_DEBUG_INFO = YES;
				ONLY_ACTIVE_ARCH = YES;
				SDKROOT = iphoneos;
				TARGETED_DEVICE_FAMILY = "1,2";
			};
			name = Debug;
		};
		6172505E1E8584F3001360C2 /* Release */ = {
			isa = XCBuildConfiguration;
			buildSettings = {
				ALWAYS_SEARCH_USER_PATHS = NO;
				CLANG_ANALYZER_NONNULL = YES;
				CLANG_CXX_LANGUAGE_STANDARD = "gnu++0x";
				CLANG_CXX_LIBRARY = "libc++";
				CLANG_ENABLE_MODULES = YES;
				CLANG_ENABLE_OBJC_ARC = YES;
				CLANG_WARN_BOOL_CONVERSION = YES;
				CLANG_WARN_CONSTANT_CONVERSION = YES;
				CLANG_WARN_DIRECT_OBJC_ISA_USAGE = YES_ERROR;
				CLANG_WARN_DOCUMENTATION_COMMENTS = YES;
				CLANG_WARN_EMPTY_BODY = YES;
				CLANG_WARN_ENUM_CONVERSION = YES;
				CLANG_WARN_INFINITE_RECURSION = YES;
				CLANG_WARN_INT_CONVERSION = YES;
				CLANG_WARN_OBJC_ROOT_CLASS = YES_ERROR;
				CLANG_WARN_SUSPICIOUS_MOVE = YES;
				CLANG_WARN_UNREACHABLE_CODE = YES;
				CLANG_WARN__DUPLICATE_METHOD_MATCH = YES;
				"CODE_SIGN_IDENTITY[sdk=iphoneos*]" = "iPhone Developer";
				COPY_PHASE_STRIP = NO;
				DEBUG_INFORMATION_FORMAT = "dwarf-with-dsym";
				ENABLE_NS_ASSERTIONS = NO;
				ENABLE_STRICT_OBJC_MSGSEND = YES;
				GCC_C_LANGUAGE_STANDARD = gnu99;
				GCC_NO_COMMON_BLOCKS = YES;
				GCC_WARN_64_TO_32_BIT_CONVERSION = YES;
				GCC_WARN_ABOUT_RETURN_TYPE = YES_ERROR;
				GCC_WARN_UNDECLARED_SELECTOR = YES;
				GCC_WARN_UNINITIALIZED_AUTOS = YES_AGGRESSIVE;
				GCC_WARN_UNUSED_FUNCTION = YES;
				GCC_WARN_UNUSED_VARIABLE = YES;
				IPHONEOS_DEPLOYMENT_TARGET = 10.2;
				MTL_ENABLE_DEBUG_INFO = NO;
				SDKROOT = iphoneos;
				TARGETED_DEVICE_FAMILY = "1,2";
				VALIDATE_PRODUCT = YES;
			};
			name = Release;
		};
		617250601E8584F3001360C2 /* Debug */ = {
			isa = XCBuildConfiguration;
			buildSettings = {
				ASSETCATALOG_COMPILER_APPICON_NAME = AppIcon;
				DEVELOPMENT_TEAM = 6AABQB8S42;
				INFOPLIST_FILE = LEVKClientApp/Info.plist;
				LD_RUNPATH_SEARCH_PATHS = "$(inherited) @executable_path/Frameworks";
				PRODUCT_BUNDLE_IDENTIFIER = "evgenylevin91-gmail.com.LEVKClientApp";
				PRODUCT_NAME = "$(TARGET_NAME)";
			};
			name = Debug;
		};
		617250611E8584F3001360C2 /* Release */ = {
			isa = XCBuildConfiguration;
			buildSettings = {
				ASSETCATALOG_COMPILER_APPICON_NAME = AppIcon;
				DEVELOPMENT_TEAM = 6AABQB8S42;
				INFOPLIST_FILE = LEVKClientApp/Info.plist;
				LD_RUNPATH_SEARCH_PATHS = "$(inherited) @executable_path/Frameworks";
				PRODUCT_BUNDLE_IDENTIFIER = "evgenylevin91-gmail.com.LEVKClientApp";
				PRODUCT_NAME = "$(TARGET_NAME)";
			};
			name = Release;
		};
		617250631E8584F3001360C2 /* Debug */ = {
			isa = XCBuildConfiguration;
			buildSettings = {
				BUNDLE_LOADER = "$(TEST_HOST)";
				DEVELOPMENT_TEAM = 6AABQB8S42;
				INFOPLIST_FILE = LEVKClientAppTests/Info.plist;
				LD_RUNPATH_SEARCH_PATHS = "$(inherited) @executable_path/Frameworks @loader_path/Frameworks";
				PRODUCT_BUNDLE_IDENTIFIER = "evgenylevin91-gmail.com.LEVKClientAppTests";
				PRODUCT_NAME = "$(TARGET_NAME)";
				TEST_HOST = "$(BUILT_PRODUCTS_DIR)/LEVKClientApp.app/LEVKClientApp";
			};
			name = Debug;
		};
		617250641E8584F3001360C2 /* Release */ = {
			isa = XCBuildConfiguration;
			buildSettings = {
				BUNDLE_LOADER = "$(TEST_HOST)";
				DEVELOPMENT_TEAM = 6AABQB8S42;
				INFOPLIST_FILE = LEVKClientAppTests/Info.plist;
				LD_RUNPATH_SEARCH_PATHS = "$(inherited) @executable_path/Frameworks @loader_path/Frameworks";
				PRODUCT_BUNDLE_IDENTIFIER = "evgenylevin91-gmail.com.LEVKClientAppTests";
				PRODUCT_NAME = "$(TARGET_NAME)";
				TEST_HOST = "$(BUILT_PRODUCTS_DIR)/LEVKClientApp.app/LEVKClientApp";
			};
			name = Release;
		};
		617250661E8584F3001360C2 /* Debug */ = {
			isa = XCBuildConfiguration;
			buildSettings = {
				DEVELOPMENT_TEAM = 6AABQB8S42;
				INFOPLIST_FILE = LEVKClientAppUITests/Info.plist;
				LD_RUNPATH_SEARCH_PATHS = "$(inherited) @executable_path/Frameworks @loader_path/Frameworks";
				PRODUCT_BUNDLE_IDENTIFIER = "evgenylevin91-gmail.com.LEVKClientAppUITests";
				PRODUCT_NAME = "$(TARGET_NAME)";
				TEST_TARGET_NAME = LEVKClientApp;
			};
			name = Debug;
		};
		617250671E8584F3001360C2 /* Release */ = {
			isa = XCBuildConfiguration;
			buildSettings = {
				DEVELOPMENT_TEAM = 6AABQB8S42;
				INFOPLIST_FILE = LEVKClientAppUITests/Info.plist;
				LD_RUNPATH_SEARCH_PATHS = "$(inherited) @executable_path/Frameworks @loader_path/Frameworks";
				PRODUCT_BUNDLE_IDENTIFIER = "evgenylevin91-gmail.com.LEVKClientAppUITests";
				PRODUCT_NAME = "$(TARGET_NAME)";
				TEST_TARGET_NAME = LEVKClientApp;
			};
			name = Release;
		};
/* End XCBuildConfiguration section */

/* Begin XCConfigurationList section */
		6172502A1E8584F3001360C2 /* Build configuration list for PBXProject "LEVKClientApp" */ = {
			isa = XCConfigurationList;
			buildConfigurations = (
				6172505D1E8584F3001360C2 /* Debug */,
				6172505E1E8584F3001360C2 /* Release */,
			);
			defaultConfigurationIsVisible = 0;
			defaultConfigurationName = Release;
		};
		6172505F1E8584F3001360C2 /* Build configuration list for PBXNativeTarget "LEVKClientApp" */ = {
			isa = XCConfigurationList;
			buildConfigurations = (
				617250601E8584F3001360C2 /* Debug */,
				617250611E8584F3001360C2 /* Release */,
			);
			defaultConfigurationIsVisible = 0;
			defaultConfigurationName = Release;
		};
		617250621E8584F3001360C2 /* Build configuration list for PBXNativeTarget "LEVKClientAppTests" */ = {
			isa = XCConfigurationList;
			buildConfigurations = (
				617250631E8584F3001360C2 /* Debug */,
				617250641E8584F3001360C2 /* Release */,
			);
			defaultConfigurationIsVisible = 0;
			defaultConfigurationName = Release;
		};
		617250651E8584F3001360C2 /* Build configuration list for PBXNativeTarget "LEVKClientAppUITests" */ = {
			isa = XCConfigurationList;
			buildConfigurations = (
				617250661E8584F3001360C2 /* Debug */,
				617250671E8584F3001360C2 /* Release */,
			);
			defaultConfigurationIsVisible = 0;
			defaultConfigurationName = Release;
		};
/* End XCConfigurationList section */

/* Begin XCVersionGroup section */
		6172503E1E8584F3001360C2 /* LEVKClientApp.xcdatamodeld */ = {
			isa = XCVersionGroup;
			children = (
				6172503F1E8584F3001360C2 /* LEVKClientApp.xcdatamodel */,
			);
			currentVersion = 6172503F1E8584F3001360C2 /* LEVKClientApp.xcdatamodel */;
			path = LEVKClientApp.xcdatamodeld;
			sourceTree = "<group>";
			versionGroupType = wrapper.xcdatamodel;
		};
/* End XCVersionGroup section */
	};
	rootObject = 617250271E8584F3001360C2 /* Project object */;
}
